
Microsoft Visual Studio Solution File, Format Version 12.00
Project("{FAE04EC0-301F-11D3-BF4B-00C04F79EFBC}") = "TextBoxInlinesDemo", "TextBoxInlinesDemo\TextBoxInlinesDemo.csproj", "{5300B0E8-24A2-4FAD-ACDD-80C9333415BB}"
EndProject
Project("{2150E333-8FDC-42A3-9474-1A3956D46DE8}") = "build", "build", "{D2D4FA2E-1353-49E1-8C93-E976AD07C08A}"
	ProjectSection(SolutionItems) = preProject
		.editorconfig = .editorconfig
		.gitattributes = .gitattributes
		.gitignore = .gitignore
		global.json = global.json
		NuGet.Config = NuGet.Config
	EndProjectSection
EndProject
Global
	GlobalSection(SolutionConfigurationPlatforms) = preSolution
		Debug|Any CPU = Debug|Any CPU
		Release|Any CPU = Release|Any CPU
	EndGlobalSection
	GlobalSection(ProjectConfigurationPlatforms) = postSolution
		{5300B0E8-24A2-4FAD-ACDD-80C9333415BB}.Debug|Any CPU.ActiveCfg = Debug|Any CPU
		{5300B0E8-24A2-4FAD-ACDD-80C9333415BB}.Debug|Any CPU.Build.0 = Debug|Any CPU
		{5300B0E8-24A2-4FAD-ACDD-80C9333415BB}.Release|Any CPU.ActiveCfg = Release|Any CPU
		{5300B0E8-24A2-4FAD-ACDD-80C9333415BB}.Release|Any CPU.Build.0 = Release|Any CPU
	EndGlobalSection
EndGlobal
